
Microsoft Visual Studio Solution File, Format Version 12.00
# Visual Studio Version 16
VisualStudioVersion = 16.0.31911.196
MinimumVisualStudioVersion = 10.0.40219.1
Project("{8BC9CEB8-8B4A-11D0-8D11-00A0C91BC942}") = "RayTracing", "RayTracing.vcxproj", "{C7DECC19-2574-4AA1-99BB-F858C282C84F}"
EndProject
Global
	GlobalSection(SolutionConfigurationPlatforms) = preSolution
		Debug|x64 = Debug|x64
		Debug|x86 = Debug|x86
		Release|x64 = Release|x64
		Release|x86 = Release|x86
	EndGlobalSection
	GlobalSection(ProjectConfigurationPlatforms) = postSolution
		{C7DECC19-2574-4AA1-99BB-F858C282C84F}.Debug|x64.ActiveCfg = Debug|x64
		{C7DECC19-2574-4AA1-99BB-F858C282C84F}.Debug|x64.Build.0 = Debug|x64
		{C7DECC19-2574-4AA1-99BB-F858C282C84F}.Debug|x86.ActiveCfg = Debug|Win32
		{C7DECC19-2574-4AA1-99BB-F858C282C84F}.Debug|x86.Build.0 = Debug|Win32
		{C7DECC19-2574-4AA1-99BB-F858C282C84F}.Release|x64.ActiveCfg = Release|x64
		{C7DECC19-2574-4AA1-99BB-F858C282C84F}.Release|x64.Build.0 = Release|x64
		{C7DECC19-2574-4AA1-99BB-F858C282C84F}.Release|x86.ActiveCfg = Release|Win32
		{C7DECC19-2574-4AA1-99BB-F858C282C84F}.Release|x86.Build.0 = Release|Win32
	EndGlobalSection
	GlobalSection(SolutionProperties) = preSolution
		HideSolutionNode = FALSE
	EndGlobalSection
	GlobalSection(ExtensibilityGlobals) = postSolution
		SolutionGuid = {994E6DAC-8FDE-4D7E-BB26-B3197D750105}
	EndGlobalSection
EndGlobal
